
Microsoft Visual Studio Solution File, Format Version 11.00
# Visual Studio 2010
Project("{FAE04EC0-301F-11D3-BF4B-00C04F79EFBC}") = "SheetMusicPDF", "SheetMusicPDF\SheetMusicPDF.csproj", "{E2A64B3C-3EC7-4586-B3A9-45155A775C90}"
EndProject
Global
	GlobalSection(SolutionConfigurationPlatforms) = preSolution
		Debug|x86 = Debug|x86
		Release|x86 = Release|x86
	EndGlobalSection
	GlobalSection(ProjectConfigurationPlatforms) = postSolution
		{E2A64B3C-3EC7-4586-B3A9-45155A775C90}.Debug|x86.ActiveCfg = Debug|x86
		{E2A64B3C-3EC7-4586-B3A9-45155A775C90}.Debug|x86.Build.0 = Debug|x86
		{E2A64B3C-3EC7-4586-B3A9-45155A775C90}.Release|x86.ActiveCfg = Release|x86
		{E2A64B3C-3EC7-4586-B3A9-45155A775C90}.Release|x86.Build.0 = Release|x86
	EndGlobalSection
	GlobalSection(SolutionProperties) = preSolution
		HideSolutionNode = FALSE
	EndGlobalSection
EndGlobal
